// !$*UTF8*$!
{
	archiveVersion = 1;
	classes = {
	};
	objectVersion = 50;
	objects = {

/* Begin PBXBuildFile section */
		B1DAC4302407C9CE0062FDBF /* AppDelegate.swift in Sources */ = {isa = PBXBuildFile; fileRef = B1DAC42F2407C9CE0062FDBF /* AppDelegate.swift */; };
		B1DAC4322407C9CE0062FDBF /* ViewController.swift in Sources */ = {isa = PBXBuildFile; fileRef = B1DAC4312407C9CE0062FDBF /* ViewController.swift */; };
		B1DAC4352407C9CE0062FDBF /* Main.storyboard in Resources */ = {isa = PBXBuildFile; fileRef = B1DAC4332407C9CE0062FDBF /* Main.storyboard */; };
		B1DAC4372407C9D10062FDBF /* Assets.xcassets in Resources */ = {isa = PBXBuildFile; fileRef = B1DAC4362407C9D10062FDBF /* Assets.xcassets */; };
		B1DAC43A2407C9D10062FDBF /* LaunchScreen.storyboard in Resources */ = {isa = PBXBuildFile; fileRef = B1DAC4382407C9D10062FDBF /* LaunchScreen.storyboard */; };
		B1DAC4452407C9D10062FDBF /* TaskTweetTests.swift in Sources */ = {isa = PBXBuildFile; fileRef = B1DAC4442407C9D10062FDBF /* TaskTweetTests.swift */; };
		B1DAC4502407C9D10062FDBF /* TaskTweetUITests.swift in Sources */ = {isa = PBXBuildFile; fileRef = B1DAC44F2407C9D10062FDBF /* TaskTweetUITests.swift */; };
		B1DAC45E2407FABC0062FDBF /* UIColorHex.swift in Sources */ = {isa = PBXBuildFile; fileRef = B1DAC45D2407FABC0062FDBF /* UIColorHex.swift */; };
/* End PBXBuildFile section */

/* Begin PBXContainerItemProxy section */
		B1DAC4412407C9D10062FDBF /* PBXContainerItemProxy */ = {
			isa = PBXContainerItemProxy;
			containerPortal = B1DAC4242407C9CE0062FDBF /* Project object */;
			proxyType = 1;
			remoteGlobalIDString = B1DAC42B2407C9CE0062FDBF;
			remoteInfo = TaskTweet;
		};
		B1DAC44C2407C9D10062FDBF /* PBXContainerItemProxy */ = {
			isa = PBXContainerItemProxy;
			containerPortal = B1DAC4242407C9CE0062FDBF /* Project object */;
			proxyType = 1;
			remoteGlobalIDString = B1DAC42B2407C9CE0062FDBF;
			remoteInfo = TaskTweet;
		};
/* End PBXContainerItemProxy section */

/* Begin PBXFileReference section */
		B1DAC42C2407C9CE0062FDBF /* TaskTweet.app */ = {isa = PBXFileReference; explicitFileType = wrapper.application; includeInIndex = 0; path = TaskTweet.app; sourceTree = BUILT_PRODUCTS_DIR; };
		B1DAC42F2407C9CE0062FDBF /* AppDelegate.swift */ = {isa = PBXFileReference; lastKnownFileType = sourcecode.swift; path = AppDelegate.swift; sourceTree = "<group>"; };
		B1DAC4312407C9CE0062FDBF /* ViewController.swift */ = {isa = PBXFileReference; lastKnownFileType = sourcecode.swift; path = ViewController.swift; sourceTree = "<group>"; };
		B1DAC4342407C9CE0062FDBF /* Base */ = {isa = PBXFileReference; lastKnownFileType = file.storyboard; name = Base; path = Base.lproj/Main.storyboard; sourceTree = "<group>"; };
		B1DAC4362407C9D10062FDBF /* Assets.xcassets */ = {isa = PBXFileReference; lastKnownFileType = folder.assetcatalog; path = Assets.xcassets; sourceTree = "<group>"; };
		B1DAC4392407C9D10062FDBF /* Base */ = {isa = PBXFileReference; lastKnownFileType = file.storyboard; name = Base; path = Base.lproj/LaunchScreen.storyboard; sourceTree = "<group>"; };
		B1DAC43B2407C9D10062FDBF /* Info.plist */ = {isa = PBXFileReference; lastKnownFileType = text.plist.xml; path = Info.plist; sourceTree = "<group>"; };
		B1DAC4402407C9D10062FDBF /* TaskTweetTests.xctest */ = {isa = PBXFileReference; explicitFileType = wrapper.cfbundle; includeInIndex = 0; path = TaskTweetTests.xctest; sourceTree = BUILT_PRODUCTS_DIR; };
		B1DAC4442407C9D10062FDBF /* TaskTweetTests.swift */ = {isa = PBXFileReference; lastKnownFileType = sourcecode.swift; path = TaskTweetTests.swift; sourceTree = "<group>"; };
		B1DAC4462407C9D10062FDBF /* Info.plist */ = {isa = PBXFileReference; lastKnownFileType = text.plist.xml; path = Info.plist; sourceTree = "<group>"; };
		B1DAC44B2407C9D10062FDBF /* TaskTweetUITests.xctest */ = {isa = PBXFileReference; explicitFileType = wrapper.cfbundle; includeInIndex = 0; path = TaskTweetUITests.xctest; sourceTree = BUILT_PRODUCTS_DIR; };
		B1DAC44F2407C9D10062FDBF /* TaskTweetUITests.swift */ = {isa = PBXFileReference; lastKnownFileType = sourcecode.swift; path = TaskTweetUITests.swift; sourceTree = "<group>"; };
		B1DAC4512407C9D10062FDBF /* Info.plist */ = {isa = PBXFileReference; lastKnownFileType = text.plist.xml; path = Info.plist; sourceTree = "<group>"; };
		B1DAC45D2407FABC0062FDBF /* UIColorHex.swift */ = {isa = PBXFileReference; lastKnownFileType = sourcecode.swift; path = UIColorHex.swift; sourceTree = "<group>"; };
/* End PBXFileReference section */

/* Begin PBXFrameworksBuildPhase section */
		B1DAC4292407C9CE0062FDBF /* Frameworks */ = {
			isa = PBXFrameworksBuildPhase;
			buildActionMask = 2147483647;
			files = (
			);
			runOnlyForDeploymentPostprocessing = 0;
		};
		B1DAC43D2407C9D10062FDBF /* Frameworks */ = {
			isa = PBXFrameworksBuildPhase;
			buildActionMask = 2147483647;
			files = (
			);
			runOnlyForDeploymentPostprocessing = 0;
		};
		B1DAC4482407C9D10062FDBF /* Frameworks */ = {
			isa = PBXFrameworksBuildPhase;
			buildActionMask = 2147483647;
			files = (
			);
			runOnlyForDeploymentPostprocessing = 0;
		};
/* End PBXFrameworksBuildPhase section */

/* Begin PBXGroup section */
		B1DAC4232407C9CE0062FDBF = {
			isa = PBXGroup;
			children = (
				B1DAC42E2407C9CE0062FDBF /* TaskTweet */,
				B1DAC4432407C9D10062FDBF /* TaskTweetTests */,
				B1DAC44E2407C9D10062FDBF /* TaskTweetUITests */,
				B1DAC42D2407C9CE0062FDBF /* Products */,
			);
			sourceTree = "<group>";
		};
		B1DAC42D2407C9CE0062FDBF /* Products */ = {
			isa = PBXGroup;
			children = (
				B1DAC42C2407C9CE0062FDBF /* TaskTweet.app */,
				B1DAC4402407C9D10062FDBF /* TaskTweetTests.xctest */,
				B1DAC44B2407C9D10062FDBF /* TaskTweetUITests.xctest */,
			);
			name = Products;
			sourceTree = "<group>";
		};
		B1DAC42E2407C9CE0062FDBF /* TaskTweet */ = {
			isa = PBXGroup;
			children = (
				B1DAC42F2407C9CE0062FDBF /* AppDelegate.swift */,
				B1DAC4312407C9CE0062FDBF /* ViewController.swift */,
				B1DAC45D2407FABC0062FDBF /* UIColorHex.swift */,
				B1DAC4332407C9CE0062FDBF /* Main.storyboard */,
				B1DAC4362407C9D10062FDBF /* Assets.xcassets */,
				B1DAC4382407C9D10062FDBF /* LaunchScreen.storyboard */,
				B1DAC43B2407C9D10062FDBF /* Info.plist */,
			);
			path = TaskTweet;
			sourceTree = "<group>";
		};
		B1DAC4432407C9D10062FDBF /* TaskTweetTests */ = {
			isa = PBXGroup;
			children = (
				B1DAC4442407C9D10062FDBF /* TaskTweetTests.swift */,
				B1DAC4462407C9D10062FDBF /* Info.plist */,
			);
			path = TaskTweetTests;
			sourceTree = "<group>";
		};
		B1DAC44E2407C9D10062FDBF /* TaskTweetUITests */ = {
			isa = PBXGroup;
			children = (
				B1DAC44F2407C9D10062FDBF /* TaskTweetUITests.swift */,
				B1DAC4512407C9D10062FDBF /* Info.plist */,
			);
			path = TaskTweetUITests;
			sourceTree = "<group>";
		};
/* End PBXGroup section */

/* Begin PBXNativeTarget section */
		B1DAC42B2407C9CE0062FDBF /* TaskTweet */ = {
			isa = PBXNativeTarget;
			buildConfigurationList = B1DAC4542407C9D10062FDBF /* Build configuration list for PBXNativeTarget "TaskTweet" */;
			buildPhases = (
				B1DAC4282407C9CE0062FDBF /* Sources */,
				B1DAC4292407C9CE0062FDBF /* Frameworks */,
				B1DAC42A2407C9CE0062FDBF /* Resources */,
			);
			buildRules = (
			);
			dependencies = (
			);
			name = TaskTweet;
			productName = TaskTweet;
			productReference = B1DAC42C2407C9CE0062FDBF /* TaskTweet.app */;
			productType = "com.apple.product-type.application";
		};
		B1DAC43F2407C9D10062FDBF /* TaskTweetTests */ = {
			isa = PBXNativeTarget;
			buildConfigurationList = B1DAC4572407C9D10062FDBF /* Build configuration list for PBXNativeTarget "TaskTweetTests" */;
			buildPhases = (
				B1DAC43C2407C9D10062FDBF /* Sources */,
				B1DAC43D2407C9D10062FDBF /* Frameworks */,
				B1DAC43E2407C9D10062FDBF /* Resources */,
			);
			buildRules = (
			);
			dependencies = (
				B1DAC4422407C9D10062FDBF /* PBXTargetDependency */,
			);
			name = TaskTweetTests;
			productName = TaskTweetTests;
			productReference = B1DAC4402407C9D10062FDBF /* TaskTweetTests.xctest */;
			productType = "com.apple.product-type.bundle.unit-test";
		};
		B1DAC44A2407C9D10062FDBF /* TaskTweetUITests */ = {
			isa = PBXNativeTarget;
			buildConfigurationList = B1DAC45A2407C9D10062FDBF /* Build configuration list for PBXNativeTarget "TaskTweetUITests" */;
			buildPhases = (
				B1DAC4472407C9D10062FDBF /* Sources */,
				B1DAC4482407C9D10062FDBF /* Frameworks */,
				B1DAC4492407C9D10062FDBF /* Resources */,
			);
			buildRules = (
			);
			dependencies = (
				B1DAC44D2407C9D10062FDBF /* PBXTargetDependency */,
			);
			name = TaskTweetUITests;
			productName = TaskTweetUITests;
			productReference = B1DAC44B2407C9D10062FDBF /* TaskTweetUITests.xctest */;
			productType = "com.apple.product-type.bundle.ui-testing";
		};
/* End PBXNativeTarget section */

/* Begin PBXProject section */
		B1DAC4242407C9CE0062FDBF /* Project object */ = {
			isa = PBXProject;
			attributes = {
				LastSwiftUpdateCheck = 1020;
				LastUpgradeCheck = 1020;
				ORGANIZATIONNAME = NAGAMIYA;
				TargetAttributes = {
					B1DAC42B2407C9CE0062FDBF = {
						CreatedOnToolsVersion = 10.2.1;
					};
					B1DAC43F2407C9D10062FDBF = {
						CreatedOnToolsVersion = 10.2.1;
						TestTargetID = B1DAC42B2407C9CE0062FDBF;
					};
					B1DAC44A2407C9D10062FDBF = {
						CreatedOnToolsVersion = 10.2.1;
						TestTargetID = B1DAC42B2407C9CE0062FDBF;
					};
				};
			};
			buildConfigurationList = B1DAC4272407C9CE0062FDBF /* Build configuration list for PBXProject "TaskTweet" */;
			compatibilityVersion = "Xcode 9.3";
			developmentRegion = en;
			hasScannedForEncodings = 0;
			knownRegions = (
				en,
				Base,
			);
			mainGroup = B1DAC4232407C9CE0062FDBF;
			productRefGroup = B1DAC42D2407C9CE0062FDBF /* Products */;
			projectDirPath = "";
			projectRoot = "";
			targets = (
				B1DAC42B2407C9CE0062FDBF /* TaskTweet */,
				B1DAC43F2407C9D10062FDBF /* TaskTweetTests */,
				B1DAC44A2407C9D10062FDBF /* TaskTweetUITests */,
			);
		};
/* End PBXProject section */

/* Begin PBXResourcesBuildPhase section */
		B1DAC42A2407C9CE0062FDBF /* Resources */ = {
			isa = PBXResourcesBuildPhase;
			buildActionMask = 2147483647;
			files = (
				B1DAC43A2407C9D10062FDBF /* LaunchScreen.storyboard in Resources */,
				B1DAC4372407C9D10062FDBF /* Assets.xcassets in Resources */,
				B1DAC4352407C9CE0062FDBF /* Main.storyboard in Resources */,
			);
			runOnlyForDeploymentPostprocessing = 0;
		};
		B1DAC43E2407C9D10062FDBF /* Resources */ = {
			isa = PBXResourcesBuildPhase;
			buildActionMask = 2147483647;
			files = (
			);
			runOnlyForDeploymentPostprocessing = 0;
		};
		B1DAC4492407C9D10062FDBF /* Resources */ = {
			isa = PBXResourcesBuildPhase;
			buildActionMask = 2147483647;
			files = (
			);
			runOnlyForDeploymentPostprocessing = 0;
		};
/* End PBXResourcesBuildPhase section */

/* Begin PBXSourcesBuildPhase section */
		B1DAC4282407C9CE0062FDBF /* Sources */ = {
			isa = PBXSourcesBuildPhase;
			buildActionMask = 2147483647;
			files = (
				B1DAC45E2407FABC0062FDBF /* UIColorHex.swift in Sources */,
				B1DAC4322407C9CE0062FDBF /* ViewController.swift in Sources */,
				B1DAC4302407C9CE0062FDBF /* AppDelegate.swift in Sources */,
			);
			runOnlyForDeploymentPostprocessing = 0;
		};
		B1DAC43C2407C9D10062FDBF /* Sources */ = {
			isa = PBXSourcesBuildPhase;
			buildActionMask = 2147483647;
			files = (
				B1DAC4452407C9D10062FDBF /* TaskTweetTests.swift in Sources */,
			);
			runOnlyForDeploymentPostprocessing = 0;
		};
		B1DAC4472407C9D10062FDBF /* Sources */ = {
			isa = PBXSourcesBuildPhase;
			buildActionMask = 2147483647;
			files = (
				B1DAC4502407C9D10062FDBF /* TaskTweetUITests.swift in Sources */,
			);
			runOnlyForDeploymentPostprocessing = 0;
		};
/* End PBXSourcesBuildPhase section */

/* Begin PBXTargetDependency section */
		B1DAC4422407C9D10062FDBF /* PBXTargetDependency */ = {
			isa = PBXTargetDependency;
			target = B1DAC42B2407C9CE0062FDBF /* TaskTweet */;
			targetProxy = B1DAC4412407C9D10062FDBF /* PBXContainerItemProxy */;
		};
		B1DAC44D2407C9D10062FDBF /* PBXTargetDependency */ = {
			isa = PBXTargetDependency;
			target = B1DAC42B2407C9CE0062FDBF /* TaskTweet */;
			targetProxy = B1DAC44C2407C9D10062FDBF /* PBXContainerItemProxy */;
		};
/* End PBXTargetDependency section */

/* Begin PBXVariantGroup section */
		B1DAC4332407C9CE0062FDBF /* Main.storyboard */ = {
			isa = PBXVariantGroup;
			children = (
				B1DAC4342407C9CE0062FDBF /* Base */,
			);
			name = Main.storyboard;
			sourceTree = "<group>";
		};
		B1DAC4382407C9D10062FDBF /* LaunchScreen.storyboard */ = {
			isa = PBXVariantGroup;
			children = (
				B1DAC4392407C9D10062FDBF /* Base */,
			);
			name = LaunchScreen.storyboard;
			sourceTree = "<group>";
		};
/* End PBXVariantGroup section */

/* Begin XCBuildConfiguration section */
		B1DAC4522407C9D10062FDBF /* Debug */ = {
			isa = XCBuildConfiguration;
			buildSettings = {
				ALWAYS_SEARCH_USER_PATHS = NO;
				CLANG_ANALYZER_NONNULL = YES;
				CLANG_ANALYZER_NUMBER_OBJECT_CONVERSION = YES_AGGRESSIVE;
				CLANG_CXX_LANGUAGE_STANDARD = "gnu++14";
				CLANG_CXX_LIBRARY = "libc++";
				CLANG_ENABLE_MODULES = YES;
				CLANG_ENABLE_OBJC_ARC = YES;
				CLANG_ENABLE_OBJC_WEAK = YES;
				CLANG_WARN_BLOCK_CAPTURE_AUTORELEASING = YES;
				CLANG_WARN_BOOL_CONVERSION = YES;
				CLANG_WARN_COMMA = YES;
				CLANG_WARN_CONSTANT_CONVERSION = YES;
				CLANG_WARN_DEPRECATED_OBJC_IMPLEMENTATIONS = YES;
				CLANG_WARN_DIRECT_OBJC_ISA_USAGE = YES_ERROR;
				CLANG_WARN_DOCUMENTATION_COMMENTS = YES;
				CLANG_WARN_EMPTY_BODY = YES;
				CLANG_WARN_ENUM_CONVERSION = YES;
				CLANG_WARN_INFINITE_RECURSION = YES;
				CLANG_WARN_INT_CONVERSION = YES;
				CLANG_WARN_NON_LITERAL_NULL_CONVERSION = YES;
				CLANG_WARN_OBJC_IMPLICIT_RETAIN_SELF = YES;
				CLANG_WARN_OBJC_LITERAL_CONVERSION = YES;
				CLANG_WARN_OBJC_ROOT_CLASS = YES_ERROR;
				CLANG_WARN_RANGE_LOOP_ANALYSIS = YES;
				CLANG_WARN_STRICT_PROTOTYPES = YES;
				CLANG_WARN_SUSPICIOUS_MOVE = YES;
				CLANG_WARN_UNGUARDED_AVAILABILITY = YES_AGGRESSIVE;
				CLANG_WARN_UNREACHABLE_CODE = YES;
				CLANG_WARN__DUPLICATE_METHOD_MATCH = YES;
				CODE_SIGN_IDENTITY = "iPhone Developer";
				COPY_PHASE_STRIP = NO;
				DEBUG_INFORMATION_FORMAT = dwarf;
				ENABLE_STRICT_OBJC_MSGSEND = YES;
				ENABLE_TESTABILITY = YES;
				GCC_C_LANGUAGE_STANDARD = gnu11;
				GCC_DYNAMIC_NO_PIC = NO;
				GCC_NO_COMMON_BLOCKS = YES;
				GCC_OPTIMIZATION_LEVEL = 0;
				GCC_PREPROCESSOR_DEFINITIONS = (
					"DEBUG=1",
					"$(inherited)",
				);
				GCC_WARN_64_TO_32_BIT_CONVERSION = YES;
				GCC_WARN_ABOUT_RETURN_TYPE = YES_ERROR;
				GCC_WARN_UNDECLARED_SELECTOR = YES;
				GCC_WARN_UNINITIALIZED_AUTOS = YES_AGGRESSIVE;
				GCC_WARN_UNUSED_FUNCTION = YES;
				GCC_WARN_UNUSED_VARIABLE = YES;
				IPHONEOS_DEPLOYMENT_TARGET = 12.2;
				MTL_ENABLE_DEBUG_INFO = INCLUDE_SOURCE;
				MTL_FAST_MATH = YES;
				ONLY_ACTIVE_ARCH = YES;
				SDKROOT = iphoneos;
				SWIFT_ACTIVE_COMPILATION_CONDITIONS = DEBUG;
				SWIFT_OPTIMIZATION_LEVEL = "-Onone";
			};
			name = Debug;
		};
		B1DAC4532407C9D10062FDBF /* Release */ = {
			isa = XCBuildConfiguration;
			buildSettings = {
				ALWAYS_SEARCH_USER_PATHS = NO;
				CLANG_ANALYZER_NONNULL = YES;
				CLANG_ANALYZER_NUMBER_OBJECT_CONVERSION = YES_AGGRESSIVE;
				CLANG_CXX_LANGUAGE_STANDARD = "gnu++14";
				CLANG_CXX_LIBRARY = "libc++";
				CLANG_ENABLE_MODULES = YES;
				CLANG_ENABLE_OBJC_ARC = YES;
				CLANG_ENABLE_OBJC_WEAK = YES;
				CLANG_WARN_BLOCK_CAPTURE_AUTORELEASING = YES;
				CLANG_WARN_BOOL_CONVERSION = YES;
				CLANG_WARN_COMMA = YES;
				CLANG_WARN_CONSTANT_CONVERSION = YES;
				CLANG_WARN_DEPRECATED_OBJC_IMPLEMENTATIONS = YES;
				CLANG_WARN_DIRECT_OBJC_ISA_USAGE = YES_ERROR;
				CLANG_WARN_DOCUMENTATION_COMMENTS = YES;
				CLANG_WARN_EMPTY_BODY = YES;
				CLANG_WARN_ENUM_CONVERSION = YES;
				CLANG_WARN_INFINITE_RECURSION = YES;
				CLANG_WARN_INT_CONVERSION = YES;
				CLANG_WARN_NON_LITERAL_NULL_CONVERSION = YES;
				CLANG_WARN_OBJC_IMPLICIT_RETAIN_SELF = YES;
				CLANG_WARN_OBJC_LITERAL_CONVERSION = YES;
				CLANG_WARN_OBJC_ROOT_CLASS = YES_ERROR;
				CLANG_WARN_RANGE_LOOP_ANALYSIS = YES;
				CLANG_WARN_STRICT_PROTOTYPES = YES;
				CLANG_WARN_SUSPICIOUS_MOVE = YES;
				CLANG_WARN_UNGUARDED_AVAILABILITY = YES_AGGRESSIVE;
				CLANG_WARN_UNREACHABLE_CODE = YES;
				CLANG_WARN__DUPLICATE_METHOD_MATCH = YES;
				CODE_SIGN_IDENTITY = "iPhone Developer";
				COPY_PHASE_STRIP = NO;
				DEBUG_INFORMATION_FORMAT = "dwarf-with-dsym";
				ENABLE_NS_ASSERTIONS = NO;
				ENABLE_STRICT_OBJC_MSGSEND = YES;
				GCC_C_LANGUAGE_STANDARD = gnu11;
				GCC_NO_COMMON_BLOCKS = YES;
				GCC_WARN_64_TO_32_BIT_CONVERSION = YES;
				GCC_WARN_ABOUT_RETURN_TYPE = YES_ERROR;
				GCC_WARN_UNDECLARED_SELECTOR = YES;
				GCC_WARN_UNINITIALIZED_AUTOS = YES_AGGRESSIVE;
				GCC_WARN_UNUSED_FUNCTION = YES;
				GCC_WARN_UNUSED_VARIABLE = YES;
				IPHONEOS_DEPLOYMENT_TARGET = 12.2;
				MTL_ENABLE_DEBUG_INFO = NO;
				MTL_FAST_MATH = YES;
				SDKROOT = iphoneos;
				SWIFT_COMPILATION_MODE = wholemodule;
				SWIFT_OPTIMIZATION_LEVEL = "-O";
				VALIDATE_PRODUCT = YES;
			};
			name = Release;
		};
		B1DAC4552407C9D10062FDBF /* Debug */ = {
			isa = XCBuildConfiguration;
			buildSettings = {
				ASSETCATALOG_COMPILER_APPICON_NAME = AppIcon;
				CODE_SIGN_STYLE = Automatic;
				INFOPLIST_FILE = TaskTweet/Info.plist;
				LD_RUNPATH_SEARCH_PATHS = (
					"$(inherited)",
					"@executable_path/Frameworks",
				);
				PRODUCT_BUNDLE_IDENTIFIER = com.swoft.practice.TaskTweet;
				PRODUCT_NAME = "$(TARGET_NAME)";
				SWIFT_VERSION = 5.0;
				TARGETED_DEVICE_FAMILY = "1,2";
			};
			name = Debug;
		};
		B1DAC4562407C9D10062FDBF /* Release */ = {
			isa = XCBuildConfiguration;
			buildSettings = {
				ASSETCATALOG_COMPILER_APPICON_NAME = AppIcon;
				CODE_SIGN_STYLE = Automatic;
				INFOPLIST_FILE = TaskTweet/Info.plist;
				LD_RUNPATH_SEARCH_PATHS = (
					"$(inherited)",
					"@executable_path/Frameworks",
				);
				PRODUCT_BUNDLE_IDENTIFIER = com.swoft.practice.TaskTweet;
				PRODUCT_NAME = "$(TARGET_NAME)";
				SWIFT_VERSION = 5.0;
				TARGETED_DEVICE_FAMILY = "1,2";
			};
			name = Release;
		};
		B1DAC4582407C9D10062FDBF /* Debug */ = {
			isa = XCBuildConfiguration;
			buildSettings = {
				ALWAYS_EMBED_SWIFT_STANDARD_LIBRARIES = YES;
				BUNDLE_LOADER = "$(TEST_HOST)";
				CODE_SIGN_STYLE = Automatic;
				INFOPLIST_FILE = TaskTweetTests/Info.plist;
				LD_RUNPATH_SEARCH_PATHS = (
					"$(inherited)",
					"@executable_path/Frameworks",
					"@loader_path/Frameworks",
				);
				PRODUCT_BUNDLE_IDENTIFIER = com.swoft.practice.TaskTweetTests;
				PRODUCT_NAME = "$(TARGET_NAME)";
				SWIFT_VERSION = 5.0;
				TARGETED_DEVICE_FAMILY = "1,2";
				TEST_HOST = "$(BUILT_PRODUCTS_DIR)/TaskTweet.app/TaskTweet";
			};
			name = Debug;
		};
		B1DAC4592407C9D10062FDBF /* Release */ = {
			isa = XCBuildConfiguration;
			buildSettings = {
				ALWAYS_EMBED_SWIFT_STANDARD_LIBRARIES = YES;
				BUNDLE_LOADER = "$(TEST_HOST)";
				CODE_SIGN_STYLE = Automatic;
				INFOPLIST_FILE = TaskTweetTests/Info.plist;
				LD_RUNPATH_SEARCH_PATHS = (
					"$(inherited)",
					"@executable_path/Frameworks",
					"@loader_path/Frameworks",
				);
				PRODUCT_BUNDLE_IDENTIFIER = com.swoft.practice.TaskTweetTests;
				PRODUCT_NAME = "$(TARGET_NAME)";
				SWIFT_VERSION = 5.0;
				TARGETED_DEVICE_FAMILY = "1,2";
				TEST_HOST = "$(BUILT_PRODUCTS_DIR)/TaskTweet.app/TaskTweet";
			};
			name = Release;
		};
		B1DAC45B2407C9D10062FDBF /* Debug */ = {
			isa = XCBuildConfiguration;
			buildSettings = {
				ALWAYS_EMBED_SWIFT_STANDARD_LIBRARIES = YES;
				CODE_SIGN_STYLE = Automatic;
				INFOPLIST_FILE = TaskTweetUITests/Info.plist;
				LD_RUNPATH_SEARCH_PATHS = (
					"$(inherited)",
					"@executable_path/Frameworks",
					"@loader_path/Frameworks",
				);
				PRODUCT_BUNDLE_IDENTIFIER = com.swoft.practice.TaskTweetUITests;
				PRODUCT_NAME = "$(TARGET_NAME)";
				SWIFT_VERSION = 5.0;
				TARGETED_DEVICE_FAMILY = "1,2";
				TEST_TARGET_NAME = TaskTweet;
			};
			name = Debug;
		};
		B1DAC45C2407C9D10062FDBF /* Release */ = {
			isa = XCBuildConfiguration;
			buildSettings = {
				ALWAYS_EMBED_SWIFT_STANDARD_LIBRARIES = YES;
				CODE_SIGN_STYLE = Automatic;
				INFOPLIST_FILE = TaskTweetUITests/Info.plist;
				LD_RUNPATH_SEARCH_PATHS = (
					"$(inherited)",
					"@executable_path/Frameworks",
					"@loader_path/Frameworks",
				);
				PRODUCT_BUNDLE_IDENTIFIER = com.swoft.practice.TaskTweetUITests;
				PRODUCT_NAME = "$(TARGET_NAME)";
				SWIFT_VERSION = 5.0;
				TARGETED_DEVICE_FAMILY = "1,2";
				TEST_TARGET_NAME = TaskTweet;
			};
			name = Release;
		};
/* End XCBuildConfiguration section */

/* Begin XCConfigurationList section */
		B1DAC4272407C9CE0062FDBF /* Build configuration list for PBXProject "TaskTweet" */ = {
			isa = XCConfigurationList;
			buildConfigurations = (
				B1DAC4522407C9D10062FDBF /* Debug */,
				B1DAC4532407C9D10062FDBF /* Release */,
			);
			defaultConfigurationIsVisible = 0;
			defaultConfigurationName = Release;
		};
		B1DAC4542407C9D10062FDBF /* Build configuration list for PBXNativeTarget "TaskTweet" */ = {
			isa = XCConfigurationList;
			buildConfigurations = (
				B1DAC4552407C9D10062FDBF /* Debug */,
				B1DAC4562407C9D10062FDBF /* Release */,
			);
			defaultConfigurationIsVisible = 0;
			defaultConfigurationName = Release;
		};
		B1DAC4572407C9D10062FDBF /* Build configuration list for PBXNativeTarget "TaskTweetTests" */ = {
			isa = XCConfigurationList;
			buildConfigurations = (
				B1DAC4582407C9D10062FDBF /* Debug */,
				B1DAC4592407C9D10062FDBF /* Release */,
			);
			defaultConfigurationIsVisible = 0;
			defaultConfigurationName = Release;
		};
		B1DAC45A2407C9D10062FDBF /* Build configuration list for PBXNativeTarget "TaskTweetUITests" */ = {
			isa = XCConfigurationList;
			buildConfigurations = (
				B1DAC45B2407C9D10062FDBF /* Debug */,
				B1DAC45C2407C9D10062FDBF /* Release */,
			);
			defaultConfigurationIsVisible = 0;
			defaultConfigurationName = Release;
		};
/* End XCConfigurationList section */
	};
	rootObject = B1DAC4242407C9CE0062FDBF /* Project object */;
}
